
Microsoft Visual Studio Solution File, Format Version 12.00
# Visual Studio Version 16
VisualStudioVersion = 16.0.30717.126
MinimumVisualStudioVersion = 10.0.40219.1
Project("{FAE04EC0-301F-11D3-BF4B-00C04F79EFBC}") = "FiltersTest", "FiltersTest\FiltersTest.csproj", "{0DAEB9B2-CD61-4082-B7B8-1132CA4E7827}"
EndProject
Global
	GlobalSection(SolutionConfigurationPlatforms) = preSolution
		Debug|Any CPU = Debug|Any CPU
		Release|Any CPU = Release|Any CPU
	EndGlobalSection
	GlobalSection(ProjectConfigurationPlatforms) = postSolution
		{0DAEB9B2-CD61-4082-B7B8-1132CA4E7827}.Debug|Any CPU.ActiveCfg = Debug|Any CPU
		{0DAEB9B2-CD61-4082-B7B8-1132CA4E7827}.Debug|Any CPU.Build.0 = Debug|Any CPU
		{0DAEB9B2-CD61-4082-B7B8-1132CA4E7827}.Release|Any CPU.ActiveCfg = Release|Any CPU
		{0DAEB9B2-CD61-4082-B7B8-1132CA4E7827}.Release|Any CPU.Build.0 = Release|Any CPU
	EndGlobalSection
	GlobalSection(SolutionProperties) = preSolution
		HideSolutionNode = FALSE
	EndGlobalSection
	GlobalSection(ExtensibilityGlobals) = postSolution
		SolutionGuid = {1BE305EA-6934-4626-A222-B443556F725D}
	EndGlobalSection
EndGlobal
